
Microsoft Visual Studio Solution File, Format Version 12.00
# Visual Studio 15
VisualStudioVersion = 15.0.27428.2002
MinimumVisualStudioVersion = 10.0.40219.1
Project("{8BC9CEB8-8B4A-11D0-8D11-00A0C91BC942}") = "DX3D", "DX3D\DX3D.vcxproj", "{D9781ED6-A279-4E67-8978-13E5C99922B1}"
EndProject
Global
	GlobalSection(SolutionConfigurationPlatforms) = preSolution
		Debug|x64 = Debug|x64
		Debug|x86 = Debug|x86
		Release|x64 = Release|x64
		Release|x86 = Release|x86
	EndGlobalSection
	GlobalSection(ProjectConfigurationPlatforms) = postSolution
		{D9781ED6-A279-4E67-8978-13E5C99922B1}.Debug|x64.ActiveCfg = Debug|x64
		{D9781ED6-A279-4E67-8978-13E5C99922B1}.Debug|x64.Build.0 = Debug|x64
		{D9781ED6-A279-4E67-8978-13E5C99922B1}.Debug|x86.ActiveCfg = Debug|Win32
		{D9781ED6-A279-4E67-8978-13E5C99922B1}.Debug|x86.Build.0 = Debug|Win32
		{D9781ED6-A279-4E67-8978-13E5C99922B1}.Release|x64.ActiveCfg = Release|x64
		{D9781ED6-A279-4E67-8978-13E5C99922B1}.Release|x64.Build.0 = Release|x64
		{D9781ED6-A279-4E67-8978-13E5C99922B1}.Release|x86.ActiveCfg = Release|Win32
		{D9781ED6-A279-4E67-8978-13E5C99922B1}.Release|x86.Build.0 = Release|Win32
	EndGlobalSection
	GlobalSection(SolutionProperties) = preSolution
		HideSolutionNode = FALSE
	EndGlobalSection
	GlobalSection(ExtensibilityGlobals) = postSolution
		SolutionGuid = {C205EFEE-FD6C-45A1-AC4F-731499EEF221}
	EndGlobalSection
EndGlobal
