<?xml version="1.0" encoding="utf-8"?>
<Project ToolsVersion="4.0" xmlns="http://schemas.microsoft.com/developer/msbuild/2003">
  <ItemGroup>
    <ClCompile Include="DX3D.cpp" />
    <ClCompile Include="stdafx.cpp" />
    <ClCompile Include="sources\7. Study\Walls.cpp" />
    <ClCompile Include="sources\7. Study\2. Object\Map\ObjMap.cpp" />
    <ClCompile Include="sources\7. Study\1. Scene\SceneGrid.cpp" />
    <ClCompile Include="sources\7. Study\1. Scene\SceneHeightmap.cpp" />
    <ClCompile Include="sources\7. Study\1. Scene\SceneObjMap.cpp" />
    <ClCompile Include="sources\7. Study\1. Scene\SceneTest.cpp" />
    <ClCompile Include="sources\1. Scene\SceneLobby.cpp" />
    <ClCompile Include="sources\2. Object\Map\HeightMap.cpp" />
    <ClCompile Include="sources\1. Scene\SceneShotting.cpp" />
    <ClCompile Include="sources\7. Study\6. Base\AseCharacter.cpp" />
    <ClCompile Include="sources\7. Study\6. Base\AseObject.cpp" />
    <ClCompile Include="sources\7. Study\6. Base\IAction.cpp" />
    <ClCompile Include="sources\7. Study\6. Base\IActionObject.cpp" />
    <ClCompile Include="sources\7. Study\6. Base\IUnitObject.cpp" />
    <ClCompile Include="sources\7. Study\6. Base\SkinnedMesh.cpp" />
    <ClCompile Include="sources\7. Study\3. Useful\AllocateHierarchy.cpp" />
    <ClCompile Include="sources\7. Study\3. Useful\AseLoader.cpp" />
    <ClCompile Include="sources\7. Study\3. Useful\AStar.cpp" />
    <ClCompile Include="sources\7. Study\3. Useful\AStarNode.cpp" />
    <ClCompile Include="sources\7. Study\3. Useful\DrawingGroup.cpp" />
    <ClCompile Include="sources\7. Study\3. Useful\Heap.cpp" />
    <ClCompile Include="sources\7. Study\3. Useful\ObjLoader.cpp" />
    <ClCompile Include="sources\7. Study\5. Manager\KeyboardManager.cpp" />
    <ClCompile Include="sources\3. Useful\D3DUtility.cpp" />
    <ClCompile Include="sources\3. Useful\GlobalDefinition.cpp" />
    <ClCompile Include="sources\5. Manager\Application.cpp" />
    <ClCompile Include="sources\5. Manager\CameraManager.cpp" />
    <ClCompile Include="sources\5. Manager\CollisionManager.cpp" />
    <ClCompile Include="sources\5. Manager\Debug.cpp" />
    <ClCompile Include="sources\5. Manager\DeviceManager.cpp" />
    <ClCompile Include="sources\5. Manager\FontManager.cpp" />
    <ClCompile Include="sources\5. Manager\KeyManager.cpp" />
    <ClCompile Include="sources\5. Manager\MapManager.cpp" />
    <ClCompile Include="sources\5. Manager\ObjectManager.cpp" />
    <ClCompile Include="sources\5. Manager\SceneManager.cpp" />
    <ClCompile Include="sources\5. Manager\SoundManager.cpp" />
    <ClCompile Include="sources\5. Manager\TextureManager.cpp" />
    <ClCompile Include="sources\5. Manager\TimeManager.cpp" />
    <ClCompile Include="sources\5. Manager\UIManager.cpp" />
    <ClCompile Include="sources\3. Useful\Ray.cpp" />
    <ClCompile Include="sources\6. Base\BaseObject.cpp" />
    <ClCompile Include="sources\6. Base\Collider.cpp" />
    <ClCompile Include="sources\6. Base\ComponentBase.cpp" />
    <ClCompile Include="sources\6. Base\ICamera.cpp" />
    <ClCompile Include="sources\6. Base\IDisplayObject.cpp" />
    <ClCompile Include="sources\6. Base\IMap.cpp" />
    <ClCompile Include="sources\6. Base\IScene.cpp" />
    <ClCompile Include="sources\6. Base\UIButton.cpp" />
    <ClCompile Include="sources\6. Base\UIImage.cpp" />
    <ClCompile Include="sources\6. Base\UIObject.cpp" />
    <ClCompile Include="sources\6. Base\UIText.cpp" />
    <ClCompile Include="sources\4. UI\UIInteractionMessage.cpp" />
    <ClCompile Include="sources\7. Study\2. Object\Character\ActionCube.cpp" />
    <ClCompile Include="sources\7. Study\3. Useful\ActionMoveTo.cpp" />
    <ClCompile Include="sources\7. Study\3. Useful\ActionRepeat.cpp" />
    <ClCompile Include="sources\7. Study\3. Useful\ActionSequence.cpp" />
    <ClCompile Include="sources\2. Object\Item\Bullet.cpp" />
    <ClCompile Include="sources\7. Study\2. Object\Character\ColorCube.cpp" />
    <ClCompile Include="sources\2. Object\Character\Cubeman.cpp" />
    <ClCompile Include="sources\2. Object\Character\CubemanAI.cpp" />
    <ClCompile Include="sources\2. Object\Character\CubemanBarrack.cpp" />
    <ClCompile Include="sources\2. Object\Character\CubemanParts.cpp" />
    <ClCompile Include="sources\2. Object\Camera\FirstPersonCamera.cpp" />
    <ClCompile Include="sources\7. Study\2. Object\Character\Frustum.cpp" />
    <ClCompile Include="sources\2. Object\Item\Gun.cpp" />
    <ClCompile Include="sources\2. Object\Map\Grid.cpp" />
    <ClCompile Include="sources\2. Object\Map\Ground.cpp" />
    <ClCompile Include="sources\2. Object\Item\Item.cpp" />
    <ClCompile Include="sources\2. Object\Character\ItemPicker.cpp" />
    <ClCompile Include="sources\7. Study\2. Object\Character\Hexagon.cpp" />
    <ClCompile Include="sources\2. Object\Effect\MuzzleFlash.cpp" />
    <ClCompile Include="sources\7. Study\2. Object\Character\ParticleTest.cpp" />
    <ClCompile Include="sources\7. Study\2. Object\Character\Picking.cpp" />
    <ClCompile Include="sources\2. Object\Character\PlayerAni.cpp" />
    <ClCompile Include="sources\2. Object\Character\PlayerParts.cpp" />
    <ClCompile Include="sources\2. Object\Map\Skybox.cpp" />
    <ClCompile Include="sources\2. Object\Camera\ThirdPersonCamera.cpp" />
    <ClCompile Include="sources\4. UI\UIGameOver.cpp" />
    <ClCompile Include="sources\4. UI\UIInGame.cpp" />
    <ClCompile Include="sources\4. UI\UIInventory.cpp" />
    <ClCompile Include="sources\4. UI\UILobby.cpp" />
    <ClCompile Include="sources\7. Study\4. UI\SampleUI.cpp" />
    <ClCompile Include="sources\7. Study\2. Object\Character\SampleCollider.cpp" />
    <ClCompile Include="sources\7. Study\2. Object\Character\SampleUIButtonListener.cpp" />
    <ClCompile Include="sources\7. Study\2. Object\Character\VertexBlending.cpp" />
  </ItemGroup>
  <ItemGroup>
    <ClInclude Include="DX3D.h" />
    <ClInclude Include="Resource.h" />
    <ClInclude Include="stdafx.h" />
    <ClInclude Include="targetver.h" />
    <ClInclude Include="sources\7. Study\Walls.h" />
    <ClInclude Include="sources\7. Study\2. Object\Map\ObjMap.h" />
    <ClInclude Include="sources\7. Study\1. Scene\SceneGrid.h" />
    <ClInclude Include="sources\7. Study\1. Scene\SceneHeightmap.h" />
    <ClInclude Include="sources\7. Study\1. Scene\SceneObjMap.h" />
    <ClInclude Include="sources\7. Study\1. Scene\SceneTest.h" />
    <ClInclude Include="sources\1. Scene\SceneLobby.h" />
    <ClInclude Include="sources\2. Object\Map\HeightMap.h" />
    <ClInclude Include="sources\1. Scene\SceneShotting.h" />
    <ClInclude Include="sources\7. Study\6. Base\AseCharacter.h" />
    <ClInclude Include="sources\7. Study\6. Base\AseObject.h" />
    <ClInclude Include="sources\7. Study\6. Base\IAction.h" />
    <ClInclude Include="sources\7. Study\6. Base\IActionObject.h" />
    <ClInclude Include="sources\7. Study\6. Base\IUnitObject.h" />
    <ClInclude Include="sources\7. Study\6. Base\SkinnedMesh.h" />
    <ClInclude Include="sources\7. Study\3. Useful\AllocateHierarchy.h" />
    <ClInclude Include="sources\7. Study\3. Useful\Asciitok.h" />
    <ClInclude Include="sources\7. Study\3. Useful\AseLoader.h" />
    <ClInclude Include="sources\7. Study\3. Useful\AStar.h" />
    <ClInclude Include="sources\7. Study\3. Useful\AStarNode.h" />
    <ClInclude Include="sources\7. Study\3. Useful\DrawingGroup.h" />
    <ClInclude Include="sources\7. Study\3. Useful\Heap.h" />
    <ClInclude Include="sources\7. Study\3. Useful\ObjLoader.h" />
    <ClInclude Include="sources\7. Study\5. Manager\KeyboardManager.h" />
    <ClInclude Include="sources\3. Useful\D3DUtility.h" />
    <ClInclude Include="sources\3. Useful\GlobalDefinition.h" />
    <ClInclude Include="sources\5. Manager\Application.h" />
    <ClInclude Include="sources\5. Manager\CameraManager.h" />
    <ClInclude Include="sources\5. Manager\CollisionManager.h" />
    <ClInclude Include="sources\5. Manager\Debug.h" />
    <ClInclude Include="sources\5. Manager\DeviceManager.h" />
    <ClInclude Include="sources\5. Manager\FontManager.h" />
    <ClInclude Include="sources\5. Manager\KeyManager.h" />
    <ClInclude Include="sources\5. Manager\MapManager.h" />
    <ClInclude Include="sources\5. Manager\ObjectManager.h" />
    <ClInclude Include="sources\5. Manager\SceneManager.h" />
    <ClInclude Include="sources\5. Manager\SoundManager.h" />
    <ClInclude Include="sources\5. Manager\TextureManager.h" />
    <ClInclude Include="sources\5. Manager\TimeManager.h" />
    <ClInclude Include="sources\5. Manager\UIManager.h" />
    <ClInclude Include="sources\3. Useful\Ray.h" />
    <ClInclude Include="sources\6. Base\BaseObject.h" />
    <ClInclude Include="sources\6. Base\Collider.h" />
    <ClInclude Include="sources\6. Base\ComponentBase.h" />
    <ClInclude Include="sources\6. Base\ICamera.h" />
    <ClInclude Include="sources\6. Base\IDisplayObject.h" />
    <ClInclude Include="sources\6. Base\IMap.h" />
    <ClInclude Include="sources\6. Base\IScene.h" />
    <ClInclude Include="sources\6. Base\SingletonBase.h" />
    <ClInclude Include="sources\6. Base\UIButton.h" />
    <ClInclude Include="sources\6. Base\UIImage.h" />
    <ClInclude Include="sources\6. Base\UIObject.h" />
    <ClInclude Include="sources\6. Base\UIText.h" />
    <ClInclude Include="sources\4. UI\UIInteractionMessage.h" />
    <ClInclude Include="sources\7. Study\2. Object\Character\ActionCube.h" />
    <ClInclude Include="sources\7. Study\3. Useful\ActionMoveTo.h" />
    <ClInclude Include="sources\7. Study\3. Useful\ActionRepeat.h" />
    <ClInclude Include="sources\7. Study\3. Useful\ActionSequence.h" />
    <ClInclude Include="sources\2. Object\Item\Bullet.h" />
    <ClInclude Include="sources\7. Study\2. Object\Character\ColorCube.h" />
    <ClInclude Include="sources\2. Object\Character\Cubeman.h" />
    <ClInclude Include="sources\2. Object\Character\CubemanAI.h" />
    <ClInclude Include="sources\2. Object\Character\CubemanBarrack.h" />
    <ClInclude Include="sources\2. Object\Character\CubemanParts.h" />
    <ClInclude Include="sources\2. Object\Camera\FirstPersonCamera.h" />
    <ClInclude Include="sources\7. Study\2. Object\Character\Frustum.h" />
    <ClInclude Include="sources\2. Object\Item\Gun.h" />
    <ClInclude Include="sources\2. Object\Map\Grid.h" />
    <ClInclude Include="sources\2. Object\Map\Ground.h" />
    <ClInclude Include="sources\2. Object\Item\Item.h" />
    <ClInclude Include="sources\2. Object\Character\ItemPicker.h" />
    <ClInclude Include="sources\7. Study\2. Object\Character\Hexagon.h" />
    <ClInclude Include="sources\2. Object\Effect\MuzzleFlash.h" />
    <ClInclude Include="sources\7. Study\2. Object\Character\ParticleTest.h" />
    <ClInclude Include="sources\7. Study\2. Object\Character\Picking.h" />
    <ClInclude Include="sources\2. Object\Character\PlayerAni.h" />
    <ClInclude Include="sources\2. Object\Character\PlayerParts.h" />
    <ClInclude Include="sources\2. Object\Map\SkyBox.h" />
    <ClInclude Include="sources\2. Object\Camera\ThirdPersonCamera.h" />
    <ClInclude Include="sources\4. UI\UIGameOver.h" />
    <ClInclude Include="sources\4. UI\UIInGame.h" />
    <ClInclude Include="sources\4. UI\UIInventory.h" />
    <ClInclude Include="sources\4. UI\UILobby.h" />
    <ClInclude Include="sources\7. Study\4. UI\SampleUI.h" />
    <ClInclude Include="sources\7. Study\2. Object\Character\SampleCollider.h" />
    <ClInclude Include="sources\7. Study\2. Object\Character\SampleUIButtonListener.h" />
    <ClInclude Include="sources\7. Study\2. Object\Character\VertexBlending.h" />
  </ItemGroup>
  <ItemGroup>
    <Image Include="DX3D.ico" />
    <Image Include="small.ico" />
  </ItemGroup>
  <ItemGroup>
    <ResourceCompile Include="DX3D.rc" />
  </ItemGroup>
  <ItemGroup>
    <None Include="fmod.dll" />
  </ItemGroup>
</Project>